{
  "name": "Hackathon",
  "lockfileVersion": 2,
  "requires": true,
  "packages": {
    "": {
      "dependencies": {
        "react-native-set-wallpaper": "^1.0.4"
      }
    },
    "node_modules/react-native-set-wallpaper": {
      "version": "1.0.4",
      "resolved": "https://registry.npmjs.org/react-native-set-wallpaper/-/react-native-set-wallpaper-1.0.4.tgz",
      "integrity": "sha512-oaB+iEJjgfUdM6kd7gJxLyFDl3V/N/hPCzxEekPMXGtXnHvg+/3XBdeH0Z++CnKPeO8K8EtXjku5vQ1XpetfbQ=="
    }
  },
  "dependencies": {
    "react-native-set-wallpaper": {
      "version": "1.0.4",
      "resolved": "https://registry.npmjs.org/react-native-set-wallpaper/-/react-native-set-wallpaper-1.0.4.tgz",
      "integrity": "sha512-oaB+iEJjgfUdM6kd7gJxLyFDl3V/N/hPCzxEekPMXGtXnHvg+/3XBdeH0Z++CnKPeO8K8EtXjku5vQ1XpetfbQ=="
    }
  }
}
